
Microsoft Visual Studio Solution File, Format Version 12.00
# Visual Studio Version 17
VisualStudioVersion = 17.14.36327.8
MinimumVisualStudioVersion = 10.0.40219.1
Project("{FAE04EC0-301F-11D3-BF4B-00C04F79EFBC}") = "CPUSetLib.CS", "CPUSetSetter\CPUSetLib.CS.csproj", "{B92F6DFE-5F64-4966-AEA1-89016DB18F3C}"
EndProject
Project("{FAE04EC0-301F-11D3-BF4B-00C04F79EFBC}") = "ConsoleTest", "ConsoleTest\ConsoleTest.csproj", "{5C7BAAA9-DE2A-404F-8834-0B93A9DADA2C}"
EndProject
Project("{8BC9CEB8-8B4A-11D0-8D11-00A0C91BC942}") = "CPUSetLib", "CPUSetLib\CPUSetLib.vcxproj", "{19B7ECF9-278E-42AE-9586-643DCD0E37FA}"
EndProject
Project("{FAE04EC0-301F-11D3-BF4B-00C04F79EFBC}") = "CPUSetSetter.UI", "CPUSetSetter.UI\CPUSetSetter.UI.csproj", "{E849FA1E-CCD5-4D8B-BCC6-E72DE0E18711}"
EndProject
Global
	GlobalSection(SolutionConfigurationPlatforms) = preSolution
		Debug|Any CPU = Debug|Any CPU
		Debug|x64 = Debug|x64
		Debug|x86 = Debug|x86
		Release|Any CPU = Release|Any CPU
		Release|x64 = Release|x64
		Release|x86 = Release|x86
	EndGlobalSection
	GlobalSection(ProjectConfigurationPlatforms) = postSolution
		{B92F6DFE-5F64-4966-AEA1-89016DB18F3C}.Debug|Any CPU.ActiveCfg = Debug|Any CPU
		{B92F6DFE-5F64-4966-AEA1-89016DB18F3C}.Debug|Any CPU.Build.0 = Debug|Any CPU
		{B92F6DFE-5F64-4966-AEA1-89016DB18F3C}.Debug|x64.ActiveCfg = Debug|Any CPU
		{B92F6DFE-5F64-4966-AEA1-89016DB18F3C}.Debug|x64.Build.0 = Debug|Any CPU
		{B92F6DFE-5F64-4966-AEA1-89016DB18F3C}.Debug|x86.ActiveCfg = Debug|Any CPU
		{B92F6DFE-5F64-4966-AEA1-89016DB18F3C}.Debug|x86.Build.0 = Debug|Any CPU
		{B92F6DFE-5F64-4966-AEA1-89016DB18F3C}.Release|Any CPU.ActiveCfg = Release|Any CPU
		{B92F6DFE-5F64-4966-AEA1-89016DB18F3C}.Release|Any CPU.Build.0 = Release|Any CPU
		{B92F6DFE-5F64-4966-AEA1-89016DB18F3C}.Release|x64.ActiveCfg = Release|Any CPU
		{B92F6DFE-5F64-4966-AEA1-89016DB18F3C}.Release|x64.Build.0 = Release|Any CPU
		{B92F6DFE-5F64-4966-AEA1-89016DB18F3C}.Release|x86.ActiveCfg = Release|Any CPU
		{B92F6DFE-5F64-4966-AEA1-89016DB18F3C}.Release|x86.Build.0 = Release|Any CPU
		{5C7BAAA9-DE2A-404F-8834-0B93A9DADA2C}.Debug|Any CPU.ActiveCfg = Debug|Any CPU
		{5C7BAAA9-DE2A-404F-8834-0B93A9DADA2C}.Debug|Any CPU.Build.0 = Debug|Any CPU
		{5C7BAAA9-DE2A-404F-8834-0B93A9DADA2C}.Debug|x64.ActiveCfg = Debug|Any CPU
		{5C7BAAA9-DE2A-404F-8834-0B93A9DADA2C}.Debug|x64.Build.0 = Debug|Any CPU
		{5C7BAAA9-DE2A-404F-8834-0B93A9DADA2C}.Debug|x86.ActiveCfg = Debug|Any CPU
		{5C7BAAA9-DE2A-404F-8834-0B93A9DADA2C}.Debug|x86.Build.0 = Debug|Any CPU
		{5C7BAAA9-DE2A-404F-8834-0B93A9DADA2C}.Release|Any CPU.ActiveCfg = Release|Any CPU
		{5C7BAAA9-DE2A-404F-8834-0B93A9DADA2C}.Release|Any CPU.Build.0 = Release|Any CPU
		{5C7BAAA9-DE2A-404F-8834-0B93A9DADA2C}.Release|x64.ActiveCfg = Release|Any CPU
		{5C7BAAA9-DE2A-404F-8834-0B93A9DADA2C}.Release|x64.Build.0 = Release|Any CPU
		{5C7BAAA9-DE2A-404F-8834-0B93A9DADA2C}.Release|x86.ActiveCfg = Release|Any CPU
		{5C7BAAA9-DE2A-404F-8834-0B93A9DADA2C}.Release|x86.Build.0 = Release|Any CPU
		{19B7ECF9-278E-42AE-9586-643DCD0E37FA}.Debug|Any CPU.ActiveCfg = Debug|x64
		{19B7ECF9-278E-42AE-9586-643DCD0E37FA}.Debug|Any CPU.Build.0 = Debug|x64
		{19B7ECF9-278E-42AE-9586-643DCD0E37FA}.Debug|x64.ActiveCfg = Debug|x64
		{19B7ECF9-278E-42AE-9586-643DCD0E37FA}.Debug|x64.Build.0 = Debug|x64
		{19B7ECF9-278E-42AE-9586-643DCD0E37FA}.Debug|x86.ActiveCfg = Debug|Win32
		{19B7ECF9-278E-42AE-9586-643DCD0E37FA}.Debug|x86.Build.0 = Debug|Win32
		{19B7ECF9-278E-42AE-9586-643DCD0E37FA}.Release|Any CPU.ActiveCfg = Release|x64
		{19B7ECF9-278E-42AE-9586-643DCD0E37FA}.Release|Any CPU.Build.0 = Release|x64
		{19B7ECF9-278E-42AE-9586-643DCD0E37FA}.Release|x64.ActiveCfg = Release|x64
		{19B7ECF9-278E-42AE-9586-643DCD0E37FA}.Release|x64.Build.0 = Release|x64
		{19B7ECF9-278E-42AE-9586-643DCD0E37FA}.Release|x86.ActiveCfg = Release|Win32
		{19B7ECF9-278E-42AE-9586-643DCD0E37FA}.Release|x86.Build.0 = Release|Win32
		{E849FA1E-CCD5-4D8B-BCC6-E72DE0E18711}.Debug|Any CPU.ActiveCfg = Debug|Any CPU
		{E849FA1E-CCD5-4D8B-BCC6-E72DE0E18711}.Debug|Any CPU.Build.0 = Debug|Any CPU
		{E849FA1E-CCD5-4D8B-BCC6-E72DE0E18711}.Debug|x64.ActiveCfg = Debug|Any CPU
		{E849FA1E-CCD5-4D8B-BCC6-E72DE0E18711}.Debug|x64.Build.0 = Debug|Any CPU
		{E849FA1E-CCD5-4D8B-BCC6-E72DE0E18711}.Debug|x86.ActiveCfg = Debug|Any CPU
		{E849FA1E-CCD5-4D8B-BCC6-E72DE0E18711}.Debug|x86.Build.0 = Debug|Any CPU
		{E849FA1E-CCD5-4D8B-BCC6-E72DE0E18711}.Release|Any CPU.ActiveCfg = Release|Any CPU
		{E849FA1E-CCD5-4D8B-BCC6-E72DE0E18711}.Release|Any CPU.Build.0 = Release|Any CPU
		{E849FA1E-CCD5-4D8B-BCC6-E72DE0E18711}.Release|x64.ActiveCfg = Release|Any CPU
		{E849FA1E-CCD5-4D8B-BCC6-E72DE0E18711}.Release|x64.Build.0 = Release|Any CPU
		{E849FA1E-CCD5-4D8B-BCC6-E72DE0E18711}.Release|x86.ActiveCfg = Release|Any CPU
		{E849FA1E-CCD5-4D8B-BCC6-E72DE0E18711}.Release|x86.Build.0 = Release|Any CPU
	EndGlobalSection
	GlobalSection(SolutionProperties) = preSolution
		HideSolutionNode = FALSE
	EndGlobalSection
	GlobalSection(ExtensibilityGlobals) = postSolution
		SolutionGuid = {7A86508B-44F9-4997-AE39-C63510B02189}
	EndGlobalSection
EndGlobal
